
Microsoft Visual Studio Solution File, Format Version 12.00
# Visual Studio Version 16
VisualStudioVersion = 16.0.31515.178
MinimumVisualStudioVersion = 10.0.40219.1
Project("{FAE04EC0-301F-11D3-BF4B-00C04F79EFBC}") = "Aes_Odev", "Aes_Odev.csproj", "{151B1209-A635-4477-8FA6-EC28866F4EB9}"
EndProject
Global
	GlobalSection(SolutionConfigurationPlatforms) = preSolution
		Debug|Any CPU = Debug|Any CPU
		Release|Any CPU = Release|Any CPU
	EndGlobalSection
	GlobalSection(ProjectConfigurationPlatforms) = postSolution
		{151B1209-A635-4477-8FA6-EC28866F4EB9}.Debug|Any CPU.ActiveCfg = Debug|Any CPU
		{151B1209-A635-4477-8FA6-EC28866F4EB9}.Debug|Any CPU.Build.0 = Debug|Any CPU
		{151B1209-A635-4477-8FA6-EC28866F4EB9}.Release|Any CPU.ActiveCfg = Release|Any CPU
		{151B1209-A635-4477-8FA6-EC28866F4EB9}.Release|Any CPU.Build.0 = Release|Any CPU
	EndGlobalSection
	GlobalSection(SolutionProperties) = preSolution
		HideSolutionNode = FALSE
	EndGlobalSection
	GlobalSection(ExtensibilityGlobals) = postSolution
		SolutionGuid = {1ABCFDC8-5CF2-4131-9B16-E8B994D2C21E}
	EndGlobalSection
EndGlobal
